{
  "version": 4,
  "terraform_version": "1.3.2",
  "serial": 4,
  "lineage": "d658b470-ac20-af14-3051-1647128cf4dc",
  "outputs": {},
  "resources": [
    {
      "mode": "data",
      "type": "local_file",
      "name": "bar",
      "provider": "provider[\"registry.terraform.io/hashicorp/local\"]",
      "instances": [
        {
          "schema_version": 0,
          "attributes": {
            "content": "Hello DevOps!\n",
            "content_base64": "SGVsbG8gRGV2T3BzIQo=",
            "filename": "./bar.txt",
            "id": "7397c8d706f70c34e3c27f634b6e7e437997992b"
          },
          "sensitive_attributes": []
        }
      ]
    },
    {
      "mode": "managed",
      "type": "local_file",
      "name": "foo",
      "provider": "provider[\"registry.terraform.io/hashicorp/local\"]",
      "instances": [
        {
          "schema_version": 0,
          "attributes": {
            "content": "Hello World!",
            "content_base64": null,
            "directory_permission": "0777",
            "file_permission": "0777",
            "filename": "./foo.txt",
            "id": "2ef7bde608ce5404e97d5f042f95f89f1c232871",
            "sensitive_content": null,
            "source": null
          },
          "sensitive_attributes": [],
          "private": "bnVsbA=="
        }
      ]
    }
  ],
  "check_results": []
}
